
Microsoft Visual Studio Solution File, Format Version 12.00
# Visual Studio 14
VisualStudioVersion = 14.0.25420.1
MinimumVisualStudioVersion = 10.0.40219.1
Project("{FAE04EC0-301F-11D3-BF4B-00C04F79EFBC}") = "News", "RSSTry\News.csproj", "{BE7203CC-5EBB-48D8-A774-57277985FBCD}"
EndProject
Project("{2150E333-8FDC-42A3-9474-1A3956D46DE8}") = "Solution Items", "Solution Items", "{B3F67FE3-96D7-4A0F-9F17-2B3EBBE02BDD}"
	ProjectSection(SolutionItems) = preProject
		WebEssentials2015-Settings.json = WebEssentials2015-Settings.json
	EndProjectSection
EndProject
Global
	GlobalSection(SolutionConfigurationPlatforms) = preSolution
		Debug|Any CPU = Debug|Any CPU
		Release|Any CPU = Release|Any CPU
	EndGlobalSection
	GlobalSection(ProjectConfigurationPlatforms) = postSolution
		{BE7203CC-5EBB-48D8-A774-57277985FBCD}.Debug|Any CPU.ActiveCfg = Debug|Any CPU
		{BE7203CC-5EBB-48D8-A774-57277985FBCD}.Debug|Any CPU.Build.0 = Debug|Any CPU
		{BE7203CC-5EBB-48D8-A774-57277985FBCD}.Release|Any CPU.ActiveCfg = Release|Any CPU
		{BE7203CC-5EBB-48D8-A774-57277985FBCD}.Release|Any CPU.Build.0 = Release|Any CPU
	EndGlobalSection
	GlobalSection(SolutionProperties) = preSolution
		HideSolutionNode = FALSE
	EndGlobalSection
EndGlobal
